
Microsoft Visual Studio Solution File, Format Version 12.00
# Visual Studio Version 17
VisualStudioVersion = 17.5.002.0
MinimumVisualStudioVersion = 10.0.40219.1
Project("{9A19103F-16F7-4668-BE54-9A1E7A4F7556}") = "minimal-api", "minimal-api.csproj", "{3C4525DE-0E0D-4AE4-BDF3-FF78CA80875D}"
EndProject
Global
	GlobalSection(SolutionConfigurationPlatforms) = preSolution
		Debug|Any CPU = Debug|Any CPU
		Release|Any CPU = Release|Any CPU
	EndGlobalSection
	GlobalSection(ProjectConfigurationPlatforms) = postSolution
		{3C4525DE-0E0D-4AE4-BDF3-FF78CA80875D}.Debug|Any CPU.ActiveCfg = Debug|Any CPU
		{3C4525DE-0E0D-4AE4-BDF3-FF78CA80875D}.Debug|Any CPU.Build.0 = Debug|Any CPU
		{3C4525DE-0E0D-4AE4-BDF3-FF78CA80875D}.Release|Any CPU.ActiveCfg = Release|Any CPU
		{3C4525DE-0E0D-4AE4-BDF3-FF78CA80875D}.Release|Any CPU.Build.0 = Release|Any CPU
	EndGlobalSection
	GlobalSection(SolutionProperties) = preSolution
		HideSolutionNode = FALSE
	EndGlobalSection
	GlobalSection(ExtensibilityGlobals) = postSolution
		SolutionGuid = {6DCD1C0B-AF68-4ACB-9A01-7A269086CA79}
	EndGlobalSection
EndGlobal
